{
    "_meta": {
        "hash": {
            "sha256": "f8e0f816c87dd5b851c3580a22a15c3329456fc8aefcad3bf05a9d4c06c59905"
        },
        "pipfile-spec": 1,
        "requires": {
            "python_version": "3.6"
        },
        "sources": [
            {
                "url": "https://pypi.python.org/simple",
                "verify_ssl": true
            }
        ]
    },
    "default": {
        "certifi": {
            "version": "==2017.11.5"
        },
        "chardet": {
            "version": "==3.0.4"
        },
        "coreapi": {
            "version": "==2.3.3"
        },
        "coreschema": {
            "version": "==0.0.4"
        },
        "django": {
            "version": "==1.11.8"
        },
        "django-guardian": {
            "version": "==1.4.9"
        },
        "django-rest-swagger": {
            "version": "==2.1.2"
        },
        "djangorestframework": {
            "version": "==3.7.3"
        },
        "idna": {
            "version": "==2.6"
        },
        "itypes": {
            "version": "==1.1.0"
        },
        "jinja2": {
            "version": "==2.10"
        },
        "markupsafe": {
            "version": "==1.0"
        },
        "openapi-codec": {
            "version": "==1.3.2"
        },
        "psycopg2": {
            "version": "==2.7.3.2"
        },
        "pytz": {
            "version": "==2017.3"
        },
        "requests": {
            "version": "==2.18.4"
        },
        "simplejson": {
            "version": "==3.13.2"
        },
        "six": {
            "version": "==1.11.0"
        },
        "uritemplate": {
            "version": "==3.0.0"
        },
        "urllib3": {
            "version": "==1.22"
        }
    },
    "develop": {}
}
